# yaml-language-server: $schema=.fluence/schemas/fluence-lock.yaml.json

# Defines a lock file for Fluence Project dependencies. When dependencies are installed - their exact versions are saved here.

# Documentation: https://github.com/fluencelabs/fluence-cli/tree/main/docs/configs/fluence-lock.md

version: 0
npm:
  "@fluencelabs/aqua": 0.10.3
  "@fluencelabs/aqua-lib": 0.6.0
  "@fluencelabs/spell": 0.5.7
  "@fluencelabs/registry": 0.8.2
cargo:
  marine: 0.14.1
